
Microsoft Visual Studio Solution File, Format Version 12.00
# Visual Studio Version 17
VisualStudioVersion = 17.5.33516.290
MinimumVisualStudioVersion = 10.0.40219.1
Project("{FAE04EC0-301F-11D3-BF4B-00C04F79EFBC}") = "FirstProject", "FirstProject\FirstProject.csproj", "{EF828084-7E64-424D-9622-C9965BA929BB}"
EndProject
Global
	GlobalSection(SolutionConfigurationPlatforms) = preSolution
		Debug|Any CPU = Debug|Any CPU
		Release|Any CPU = Release|Any CPU
	EndGlobalSection
	GlobalSection(ProjectConfigurationPlatforms) = postSolution
		{EF828084-7E64-424D-9622-C9965BA929BB}.Debug|Any CPU.ActiveCfg = Debug|Any CPU
		{EF828084-7E64-424D-9622-C9965BA929BB}.Debug|Any CPU.Build.0 = Debug|Any CPU
		{EF828084-7E64-424D-9622-C9965BA929BB}.Release|Any CPU.ActiveCfg = Release|Any CPU
		{EF828084-7E64-424D-9622-C9965BA929BB}.Release|Any CPU.Build.0 = Release|Any CPU
	EndGlobalSection
	GlobalSection(SolutionProperties) = preSolution
		HideSolutionNode = FALSE
	EndGlobalSection
	GlobalSection(ExtensibilityGlobals) = postSolution
		SolutionGuid = {FF39CBDF-DEDB-461F-BEAB-3AD25C938C29}
	EndGlobalSection
EndGlobal
